
Microsoft Visual Studio Solution File, Format Version 12.00
# Visual Studio Version 16
VisualStudioVersion = 16.0.30717.126
MinimumVisualStudioVersion = 10.0.40219.1
Project("{FAE04EC0-301F-11D3-BF4B-00C04F79EFBC}") = "Exam2", "Exam2.csproj", "{2FD02676-A96A-4E2F-B2E4-47EBD5A2A8CC}"
EndProject
Global
	GlobalSection(SolutionConfigurationPlatforms) = preSolution
		Debug|Any CPU = Debug|Any CPU
		Release|Any CPU = Release|Any CPU
	EndGlobalSection
	GlobalSection(ProjectConfigurationPlatforms) = postSolution
		{2FD02676-A96A-4E2F-B2E4-47EBD5A2A8CC}.Debug|Any CPU.ActiveCfg = Debug|Any CPU
		{2FD02676-A96A-4E2F-B2E4-47EBD5A2A8CC}.Debug|Any CPU.Build.0 = Debug|Any CPU
		{2FD02676-A96A-4E2F-B2E4-47EBD5A2A8CC}.Release|Any CPU.ActiveCfg = Release|Any CPU
		{2FD02676-A96A-4E2F-B2E4-47EBD5A2A8CC}.Release|Any CPU.Build.0 = Release|Any CPU
	EndGlobalSection
	GlobalSection(SolutionProperties) = preSolution
		HideSolutionNode = FALSE
	EndGlobalSection
	GlobalSection(ExtensibilityGlobals) = postSolution
		SolutionGuid = {92371301-D932-43E9-B62C-53490EC74FC5}
	EndGlobalSection
EndGlobal
