
Microsoft Visual Studio Solution File, Format Version 12.00
# Visual Studio 15
VisualStudioVersion = 15.0.28307.1401
MinimumVisualStudioVersion = 10.0.40219.1
Project("{FAE04EC0-301F-11D3-BF4B-00C04F79EFBC}") = "WpfApp1", "WpfApp1\WpfApp1.csproj", "{459318C4-696C-447B-B683-A0701D179E8D}"
EndProject
Global
	GlobalSection(SolutionConfigurationPlatforms) = preSolution
		Debug|Any CPU = Debug|Any CPU
		Release|Any CPU = Release|Any CPU
	EndGlobalSection
	GlobalSection(ProjectConfigurationPlatforms) = postSolution
		{459318C4-696C-447B-B683-A0701D179E8D}.Debug|Any CPU.ActiveCfg = Debug|Any CPU
		{459318C4-696C-447B-B683-A0701D179E8D}.Debug|Any CPU.Build.0 = Debug|Any CPU
		{459318C4-696C-447B-B683-A0701D179E8D}.Release|Any CPU.ActiveCfg = Release|Any CPU
		{459318C4-696C-447B-B683-A0701D179E8D}.Release|Any CPU.Build.0 = Release|Any CPU
	EndGlobalSection
	GlobalSection(SolutionProperties) = preSolution
		HideSolutionNode = FALSE
	EndGlobalSection
	GlobalSection(ExtensibilityGlobals) = postSolution
		SolutionGuid = {2ADB0D61-49C7-4F88-AE92-7AA948E78CA4}
	EndGlobalSection
EndGlobal
